
Microsoft Visual Studio Solution File, Format Version 12.00
# Visual Studio 15
VisualStudioVersion = 15.0.27428.2015
MinimumVisualStudioVersion = 10.0.40219.1
Project("{FAE04EC0-301F-11D3-BF4B-00C04F79EFBC}") = "ConsoleApp9", "ConsoleApp9\ConsoleApp9.csproj", "{EFC84C49-6118-41ED-AF2F-27BBA6118090}"
EndProject
Global
	GlobalSection(SolutionConfigurationPlatforms) = preSolution
		Debug|Any CPU = Debug|Any CPU
		Release|Any CPU = Release|Any CPU
	EndGlobalSection
	GlobalSection(ProjectConfigurationPlatforms) = postSolution
		{EFC84C49-6118-41ED-AF2F-27BBA6118090}.Debug|Any CPU.ActiveCfg = Debug|Any CPU
		{EFC84C49-6118-41ED-AF2F-27BBA6118090}.Debug|Any CPU.Build.0 = Debug|Any CPU
		{EFC84C49-6118-41ED-AF2F-27BBA6118090}.Release|Any CPU.ActiveCfg = Release|Any CPU
		{EFC84C49-6118-41ED-AF2F-27BBA6118090}.Release|Any CPU.Build.0 = Release|Any CPU
	EndGlobalSection
	GlobalSection(SolutionProperties) = preSolution
		HideSolutionNode = FALSE
	EndGlobalSection
	GlobalSection(ExtensibilityGlobals) = postSolution
		SolutionGuid = {E174D7B9-BFFA-4756-B22E-C13D0401E9A1}
	EndGlobalSection
EndGlobal
